
Microsoft Visual Studio Solution File, Format Version 12.00
# Visual Studio Version 17
VisualStudioVersion = 17.7.34031.279
MinimumVisualStudioVersion = 10.0.40219.1
Project("{FAE04EC0-301F-11D3-BF4B-00C04F79EFBC}") = "JogoDaDigitacao", "JogoDaDigitacao.csproj", "{53B7D302-2FDD-46A2-8338-353F1DB491FC}"
EndProject
Global
	GlobalSection(SolutionConfigurationPlatforms) = preSolution
		Debug|Any CPU = Debug|Any CPU
		Release|Any CPU = Release|Any CPU
	EndGlobalSection
	GlobalSection(ProjectConfigurationPlatforms) = postSolution
		{53B7D302-2FDD-46A2-8338-353F1DB491FC}.Debug|Any CPU.ActiveCfg = Debug|Any CPU
		{53B7D302-2FDD-46A2-8338-353F1DB491FC}.Debug|Any CPU.Build.0 = Debug|Any CPU
		{53B7D302-2FDD-46A2-8338-353F1DB491FC}.Release|Any CPU.ActiveCfg = Release|Any CPU
		{53B7D302-2FDD-46A2-8338-353F1DB491FC}.Release|Any CPU.Build.0 = Release|Any CPU
	EndGlobalSection
	GlobalSection(SolutionProperties) = preSolution
		HideSolutionNode = FALSE
	EndGlobalSection
	GlobalSection(ExtensibilityGlobals) = postSolution
		SolutionGuid = {B8D32AC9-8BA6-4249-9653-A07E08070B01}
	EndGlobalSection
EndGlobal
